// !$*UTF8*$!
{
	archiveVersion = 1;
	classes = {
	};
	objectVersion = 46;
	objects = {

/* Begin PBXBuildFile section */
		1C300B6617F18F3900D66457 /* README.md in Resources */ = {isa = PBXBuildFile; fileRef = 1C300B6517F18F3900D66457 /* README.md */; };
		1C5193BE17F18D1800A4DC85 /* Foundation.framework in Frameworks */ = {isa = PBXBuildFile; fileRef = 1C5193BD17F18D1800A4DC85 /* Foundation.framework */; };
		1C5193C017F18D1800A4DC85 /* CoreGraphics.framework in Frameworks */ = {isa = PBXBuildFile; fileRef = 1C5193BF17F18D1800A4DC85 /* CoreGraphics.framework */; };
		1C5193C217F18D1800A4DC85 /* UIKit.framework in Frameworks */ = {isa = PBXBuildFile; fileRef = 1C5193C117F18D1800A4DC85 /* UIKit.framework */; };
		1C5193C817F18D1800A4DC85 /* InfoPlist.strings in Resources */ = {isa = PBXBuildFile; fileRef = 1C5193C617F18D1800A4DC85 /* InfoPlist.strings */; };
		1C5193CA17F18D1800A4DC85 /* main.m in Sources */ = {isa = PBXBuildFile; fileRef = 1C5193C917F18D1800A4DC85 /* main.m */; };
		1C5193CE17F18D1900A4DC85 /* AppDelegate.m in Sources */ = {isa = PBXBuildFile; fileRef = 1C5193CD17F18D1900A4DC85 /* AppDelegate.m */; };
		1C5193D117F18D1900A4DC85 /* Main.storyboard in Resources */ = {isa = PBXBuildFile; fileRef = 1C5193CF17F18D1900A4DC85 /* Main.storyboard */; };
		1C5193D417F18D1900A4DC85 /* ViewController.m in Sources */ = {isa = PBXBuildFile; fileRef = 1C5193D317F18D1900A4DC85 /* ViewController.m */; };
		1C5193D617F18D1900A4DC85 /* Images.xcassets in Resources */ = {isa = PBXBuildFile; fileRef = 1C5193D517F18D1900A4DC85 /* Images.xcassets */; };
		1C5193DD17F18D1900A4DC85 /* XCTest.framework in Frameworks */ = {isa = PBXBuildFile; fileRef = 1C5193DC17F18D1900A4DC85 /* XCTest.framework */; };
		1C5193DE17F18D1900A4DC85 /* Foundation.framework in Frameworks */ = {isa = PBXBuildFile; fileRef = 1C5193BD17F18D1800A4DC85 /* Foundation.framework */; };
		1C5193DF17F18D1900A4DC85 /* UIKit.framework in Frameworks */ = {isa = PBXBuildFile; fileRef = 1C5193C117F18D1800A4DC85 /* UIKit.framework */; };
		1C5193E717F18D1900A4DC85 /* InfoPlist.strings in Resources */ = {isa = PBXBuildFile; fileRef = 1C5193E517F18D1900A4DC85 /* InfoPlist.strings */; };
		1C5193E917F18D1900A4DC85 /* UICollectionViewBugTests.m in Sources */ = {isa = PBXBuildFile; fileRef = 1C5193E817F18D1900A4DC85 /* UICollectionViewBugTests.m */; };
/* End PBXBuildFile section */

/* Begin PBXContainerItemProxy section */
		1C5193E017F18D1900A4DC85 /* PBXContainerItemProxy */ = {
			isa = PBXContainerItemProxy;
			containerPortal = 1C5193B217F18D1800A4DC85 /* Project object */;
			proxyType = 1;
			remoteGlobalIDString = 1C5193B917F18D1800A4DC85;
			remoteInfo = UICollectionViewBug;
		};
/* End PBXContainerItemProxy section */

/* Begin PBXFileReference section */
		1C300B6517F18F3900D66457 /* README.md */ = {isa = PBXFileReference; fileEncoding = 4; lastKnownFileType = text; path = README.md; sourceTree = "<group>"; };
		1C5193BA17F18D1800A4DC85 /* UICollectionViewBug.app */ = {isa = PBXFileReference; explicitFileType = wrapper.application; includeInIndex = 0; path = UICollectionViewBug.app; sourceTree = BUILT_PRODUCTS_DIR; };
		1C5193BD17F18D1800A4DC85 /* Foundation.framework */ = {isa = PBXFileReference; lastKnownFileType = wrapper.framework; name = Foundation.framework; path = System/Library/Frameworks/Foundation.framework; sourceTree = SDKROOT; };
		1C5193BF17F18D1800A4DC85 /* CoreGraphics.framework */ = {isa = PBXFileReference; lastKnownFileType = wrapper.framework; name = CoreGraphics.framework; path = System/Library/Frameworks/CoreGraphics.framework; sourceTree = SDKROOT; };
		1C5193C117F18D1800A4DC85 /* UIKit.framework */ = {isa = PBXFileReference; lastKnownFileType = wrapper.framework; name = UIKit.framework; path = System/Library/Frameworks/UIKit.framework; sourceTree = SDKROOT; };
		1C5193C517F18D1800A4DC85 /* UICollectionViewBug-Info.plist */ = {isa = PBXFileReference; lastKnownFileType = text.plist.xml; path = "UICollectionViewBug-Info.plist"; sourceTree = "<group>"; };
		1C5193C717F18D1800A4DC85 /* en */ = {isa = PBXFileReference; lastKnownFileType = text.plist.strings; name = en; path = en.lproj/InfoPlist.strings; sourceTree = "<group>"; };
		1C5193C917F18D1800A4DC85 /* main.m */ = {isa = PBXFileReference; lastKnownFileType = sourcecode.c.objc; path = main.m; sourceTree = "<group>"; };
		1C5193CB17F18D1800A4DC85 /* UICollectionViewBug-Prefix.pch */ = {isa = PBXFileReference; lastKnownFileType = sourcecode.c.h; path = "UICollectionViewBug-Prefix.pch"; sourceTree = "<group>"; };
		1C5193CC17F18D1900A4DC85 /* AppDelegate.h */ = {isa = PBXFileReference; lastKnownFileType = sourcecode.c.h; path = AppDelegate.h; sourceTree = "<group>"; };
		1C5193CD17F18D1900A4DC85 /* AppDelegate.m */ = {isa = PBXFileReference; lastKnownFileType = sourcecode.c.objc; path = AppDelegate.m; sourceTree = "<group>"; };
		1C5193D017F18D1900A4DC85 /* Base */ = {isa = PBXFileReference; lastKnownFileType = file.storyboard; name = Base; path = Base.lproj/Main.storyboard; sourceTree = "<group>"; };
		1C5193D217F18D1900A4DC85 /* ViewController.h */ = {isa = PBXFileReference; lastKnownFileType = sourcecode.c.h; path = ViewController.h; sourceTree = "<group>"; };
		1C5193D317F18D1900A4DC85 /* ViewController.m */ = {isa = PBXFileReference; lastKnownFileType = sourcecode.c.objc; path = ViewController.m; sourceTree = "<group>"; };
		1C5193D517F18D1900A4DC85 /* Images.xcassets */ = {isa = PBXFileReference; lastKnownFileType = folder.assetcatalog; path = Images.xcassets; sourceTree = "<group>"; };
		1C5193DB17F18D1900A4DC85 /* UICollectionViewBugTests.xctest */ = {isa = PBXFileReference; explicitFileType = wrapper.cfbundle; includeInIndex = 0; path = UICollectionViewBugTests.xctest; sourceTree = BUILT_PRODUCTS_DIR; };
		1C5193DC17F18D1900A4DC85 /* XCTest.framework */ = {isa = PBXFileReference; lastKnownFileType = wrapper.framework; name = XCTest.framework; path = Library/Frameworks/XCTest.framework; sourceTree = DEVELOPER_DIR; };
		1C5193E417F18D1900A4DC85 /* UICollectionViewBugTests-Info.plist */ = {isa = PBXFileReference; lastKnownFileType = text.plist.xml; path = "UICollectionViewBugTests-Info.plist"; sourceTree = "<group>"; };
		1C5193E617F18D1900A4DC85 /* en */ = {isa = PBXFileReference; lastKnownFileType = text.plist.strings; name = en; path = en.lproj/InfoPlist.strings; sourceTree = "<group>"; };
		1C5193E817F18D1900A4DC85 /* UICollectionViewBugTests.m */ = {isa = PBXFileReference; lastKnownFileType = sourcecode.c.objc; path = UICollectionViewBugTests.m; sourceTree = "<group>"; };
/* End PBXFileReference section */

/* Begin PBXFrameworksBuildPhase section */
		1C5193B717F18D1800A4DC85 /* Frameworks */ = {
			isa = PBXFrameworksBuildPhase;
			buildActionMask = 2147483647;
			files = (
				1C5193C017F18D1800A4DC85 /* CoreGraphics.framework in Frameworks */,
				1C5193C217F18D1800A4DC85 /* UIKit.framework in Frameworks */,
				1C5193BE17F18D1800A4DC85 /* Foundation.framework in Frameworks */,
			);
			runOnlyForDeploymentPostprocessing = 0;
		};
		1C5193D817F18D1900A4DC85 /* Frameworks */ = {
			isa = PBXFrameworksBuildPhase;
			buildActionMask = 2147483647;
			files = (
				1C5193DD17F18D1900A4DC85 /* XCTest.framework in Frameworks */,
				1C5193DF17F18D1900A4DC85 /* UIKit.framework in Frameworks */,
				1C5193DE17F18D1900A4DC85 /* Foundation.framework in Frameworks */,
			);
			runOnlyForDeploymentPostprocessing = 0;
		};
/* End PBXFrameworksBuildPhase section */

/* Begin PBXGroup section */
		1C5193B117F18D1800A4DC85 = {
			isa = PBXGroup;
			children = (
				1C300B6517F18F3900D66457 /* README.md */,
				1C5193C317F18D1800A4DC85 /* UICollectionViewBug */,
				1C5193E217F18D1900A4DC85 /* UICollectionViewBugTests */,
				1C5193BC17F18D1800A4DC85 /* Frameworks */,
				1C5193BB17F18D1800A4DC85 /* Products */,
			);
			sourceTree = "<group>";
		};
		1C5193BB17F18D1800A4DC85 /* Products */ = {
			isa = PBXGroup;
			children = (
				1C5193BA17F18D1800A4DC85 /* UICollectionViewBug.app */,
				1C5193DB17F18D1900A4DC85 /* UICollectionViewBugTests.xctest */,
			);
			name = Products;
			sourceTree = "<group>";
		};
		1C5193BC17F18D1800A4DC85 /* Frameworks */ = {
			isa = PBXGroup;
			children = (
				1C5193BD17F18D1800A4DC85 /* Foundation.framework */,
				1C5193BF17F18D1800A4DC85 /* CoreGraphics.framework */,
				1C5193C117F18D1800A4DC85 /* UIKit.framework */,
				1C5193DC17F18D1900A4DC85 /* XCTest.framework */,
			);
			name = Frameworks;
			sourceTree = "<group>";
		};
		1C5193C317F18D1800A4DC85 /* UICollectionViewBug */ = {
			isa = PBXGroup;
			children = (
				1C5193CC17F18D1900A4DC85 /* AppDelegate.h */,
				1C5193CD17F18D1900A4DC85 /* AppDelegate.m */,
				1C5193CF17F18D1900A4DC85 /* Main.storyboard */,
				1C5193D217F18D1900A4DC85 /* ViewController.h */,
				1C5193D317F18D1900A4DC85 /* ViewController.m */,
				1C5193D517F18D1900A4DC85 /* Images.xcassets */,
				1C5193C417F18D1800A4DC85 /* Supporting Files */,
			);
			path = UICollectionViewBug;
			sourceTree = "<group>";
		};
		1C5193C417F18D1800A4DC85 /* Supporting Files */ = {
			isa = PBXGroup;
			children = (
				1C5193C517F18D1800A4DC85 /* UICollectionViewBug-Info.plist */,
				1C5193C617F18D1800A4DC85 /* InfoPlist.strings */,
				1C5193C917F18D1800A4DC85 /* main.m */,
				1C5193CB17F18D1800A4DC85 /* UICollectionViewBug-Prefix.pch */,
			);
			name = "Supporting Files";
			sourceTree = "<group>";
		};
		1C5193E217F18D1900A4DC85 /* UICollectionViewBugTests */ = {
			isa = PBXGroup;
			children = (
				1C5193E817F18D1900A4DC85 /* UICollectionViewBugTests.m */,
				1C5193E317F18D1900A4DC85 /* Supporting Files */,
			);
			path = UICollectionViewBugTests;
			sourceTree = "<group>";
		};
		1C5193E317F18D1900A4DC85 /* Supporting Files */ = {
			isa = PBXGroup;
			children = (
				1C5193E417F18D1900A4DC85 /* UICollectionViewBugTests-Info.plist */,
				1C5193E517F18D1900A4DC85 /* InfoPlist.strings */,
			);
			name = "Supporting Files";
			sourceTree = "<group>";
		};
/* End PBXGroup section */

/* Begin PBXNativeTarget section */
		1C5193B917F18D1800A4DC85 /* UICollectionViewBug */ = {
			isa = PBXNativeTarget;
			buildConfigurationList = 1C5193EC17F18D1900A4DC85 /* Build configuration list for PBXNativeTarget "UICollectionViewBug" */;
			buildPhases = (
				1C5193B617F18D1800A4DC85 /* Sources */,
				1C5193B717F18D1800A4DC85 /* Frameworks */,
				1C5193B817F18D1800A4DC85 /* Resources */,
			);
			buildRules = (
			);
			dependencies = (
			);
			name = UICollectionViewBug;
			productName = UICollectionViewBug;
			productReference = 1C5193BA17F18D1800A4DC85 /* UICollectionViewBug.app */;
			productType = "com.apple.product-type.application";
		};
		1C5193DA17F18D1900A4DC85 /* UICollectionViewBugTests */ = {
			isa = PBXNativeTarget;
			buildConfigurationList = 1C5193EF17F18D1900A4DC85 /* Build configuration list for PBXNativeTarget "UICollectionViewBugTests" */;
			buildPhases = (
				1C5193D717F18D1900A4DC85 /* Sources */,
				1C5193D817F18D1900A4DC85 /* Frameworks */,
				1C5193D917F18D1900A4DC85 /* Resources */,
			);
			buildRules = (
			);
			dependencies = (
				1C5193E117F18D1900A4DC85 /* PBXTargetDependency */,
			);
			name = UICollectionViewBugTests;
			productName = UICollectionViewBugTests;
			productReference = 1C5193DB17F18D1900A4DC85 /* UICollectionViewBugTests.xctest */;
			productType = "com.apple.product-type.bundle.unit-test";
		};
/* End PBXNativeTarget section */

/* Begin PBXProject section */
		1C5193B217F18D1800A4DC85 /* Project object */ = {
			isa = PBXProject;
			attributes = {
				LastUpgradeCheck = 0500;
				ORGANIZATIONNAME = "RESONANCA IT d.o.o.";
				TargetAttributes = {
					1C5193DA17F18D1900A4DC85 = {
						TestTargetID = 1C5193B917F18D1800A4DC85;
					};
				};
			};
			buildConfigurationList = 1C5193B517F18D1800A4DC85 /* Build configuration list for PBXProject "UICollectionViewBug" */;
			compatibilityVersion = "Xcode 3.2";
			developmentRegion = English;
			hasScannedForEncodings = 0;
			knownRegions = (
				en,
				Base,
			);
			mainGroup = 1C5193B117F18D1800A4DC85;
			productRefGroup = 1C5193BB17F18D1800A4DC85 /* Products */;
			projectDirPath = "";
			projectRoot = "";
			targets = (
				1C5193B917F18D1800A4DC85 /* UICollectionViewBug */,
				1C5193DA17F18D1900A4DC85 /* UICollectionViewBugTests */,
			);
		};
/* End PBXProject section */

/* Begin PBXResourcesBuildPhase section */
		1C5193B817F18D1800A4DC85 /* Resources */ = {
			isa = PBXResourcesBuildPhase;
			buildActionMask = 2147483647;
			files = (
				1C5193D617F18D1900A4DC85 /* Images.xcassets in Resources */,
				1C5193C817F18D1800A4DC85 /* InfoPlist.strings in Resources */,
				1C300B6617F18F3900D66457 /* README.md in Resources */,
				1C5193D117F18D1900A4DC85 /* Main.storyboard in Resources */,
			);
			runOnlyForDeploymentPostprocessing = 0;
		};
		1C5193D917F18D1900A4DC85 /* Resources */ = {
			isa = PBXResourcesBuildPhase;
			buildActionMask = 2147483647;
			files = (
				1C5193E717F18D1900A4DC85 /* InfoPlist.strings in Resources */,
			);
			runOnlyForDeploymentPostprocessing = 0;
		};
/* End PBXResourcesBuildPhase section */

/* Begin PBXSourcesBuildPhase section */
		1C5193B617F18D1800A4DC85 /* Sources */ = {
			isa = PBXSourcesBuildPhase;
			buildActionMask = 2147483647;
			files = (
				1C5193D417F18D1900A4DC85 /* ViewController.m in Sources */,
				1C5193CE17F18D1900A4DC85 /* AppDelegate.m in Sources */,
				1C5193CA17F18D1800A4DC85 /* main.m in Sources */,
			);
			runOnlyForDeploymentPostprocessing = 0;
		};
		1C5193D717F18D1900A4DC85 /* Sources */ = {
			isa = PBXSourcesBuildPhase;
			buildActionMask = 2147483647;
			files = (
				1C5193E917F18D1900A4DC85 /* UICollectionViewBugTests.m in Sources */,
			);
			runOnlyForDeploymentPostprocessing = 0;
		};
/* End PBXSourcesBuildPhase section */

/* Begin PBXTargetDependency section */
		1C5193E117F18D1900A4DC85 /* PBXTargetDependency */ = {
			isa = PBXTargetDependency;
			target = 1C5193B917F18D1800A4DC85 /* UICollectionViewBug */;
			targetProxy = 1C5193E017F18D1900A4DC85 /* PBXContainerItemProxy */;
		};
/* End PBXTargetDependency section */

/* Begin PBXVariantGroup section */
		1C5193C617F18D1800A4DC85 /* InfoPlist.strings */ = {
			isa = PBXVariantGroup;
			children = (
				1C5193C717F18D1800A4DC85 /* en */,
			);
			name = InfoPlist.strings;
			sourceTree = "<group>";
		};
		1C5193CF17F18D1900A4DC85 /* Main.storyboard */ = {
			isa = PBXVariantGroup;
			children = (
				1C5193D017F18D1900A4DC85 /* Base */,
			);
			name = Main.storyboard;
			sourceTree = "<group>";
		};
		1C5193E517F18D1900A4DC85 /* InfoPlist.strings */ = {
			isa = PBXVariantGroup;
			children = (
				1C5193E617F18D1900A4DC85 /* en */,
			);
			name = InfoPlist.strings;
			sourceTree = "<group>";
		};
/* End PBXVariantGroup section */

/* Begin XCBuildConfiguration section */
		1C5193EA17F18D1900A4DC85 /* Debug */ = {
			isa = XCBuildConfiguration;
			buildSettings = {
				ALWAYS_SEARCH_USER_PATHS = NO;
				ARCHS = "$(ARCHS_STANDARD_INCLUDING_64_BIT)";
				CLANG_CXX_LANGUAGE_STANDARD = "gnu++0x";
				CLANG_CXX_LIBRARY = "libc++";
				CLANG_ENABLE_MODULES = YES;
				CLANG_ENABLE_OBJC_ARC = YES;
				CLANG_WARN_BOOL_CONVERSION = YES;
				CLANG_WARN_CONSTANT_CONVERSION = YES;
				CLANG_WARN_DIRECT_OBJC_ISA_USAGE = YES_ERROR;
				CLANG_WARN_EMPTY_BODY = YES;
				CLANG_WARN_ENUM_CONVERSION = YES;
				CLANG_WARN_INT_CONVERSION = YES;
				CLANG_WARN_OBJC_ROOT_CLASS = YES_ERROR;
				CLANG_WARN__DUPLICATE_METHOD_MATCH = YES;
				"CODE_SIGN_IDENTITY[sdk=iphoneos*]" = "iPhone Developer";
				COPY_PHASE_STRIP = NO;
				GCC_C_LANGUAGE_STANDARD = gnu99;
				GCC_DYNAMIC_NO_PIC = NO;
				GCC_OPTIMIZATION_LEVEL = 0;
				GCC_PREPROCESSOR_DEFINITIONS = (
					"DEBUG=1",
					"$(inherited)",
				);
				GCC_SYMBOLS_PRIVATE_EXTERN = NO;
				GCC_WARN_64_TO_32_BIT_CONVERSION = YES;
				GCC_WARN_ABOUT_RETURN_TYPE = YES_ERROR;
				GCC_WARN_UNDECLARED_SELECTOR = YES;
				GCC_WARN_UNINITIALIZED_AUTOS = YES;
				GCC_WARN_UNUSED_FUNCTION = YES;
				GCC_WARN_UNUSED_VARIABLE = YES;
				IPHONEOS_DEPLOYMENT_TARGET = 7.0;
				ONLY_ACTIVE_ARCH = YES;
				SDKROOT = iphoneos;
				TARGETED_DEVICE_FAMILY = 2;
			};
			name = Debug;
		};
		1C5193EB17F18D1900A4DC85 /* Release */ = {
			isa = XCBuildConfiguration;
			buildSettings = {
				ALWAYS_SEARCH_USER_PATHS = NO;
				ARCHS = "$(ARCHS_STANDARD_INCLUDING_64_BIT)";
				CLANG_CXX_LANGUAGE_STANDARD = "gnu++0x";
				CLANG_CXX_LIBRARY = "libc++";
				CLANG_ENABLE_MODULES = YES;
				CLANG_ENABLE_OBJC_ARC = YES;
				CLANG_WARN_BOOL_CONVERSION = YES;
				CLANG_WARN_CONSTANT_CONVERSION = YES;
				CLANG_WARN_DIRECT_OBJC_ISA_USAGE = YES_ERROR;
				CLANG_WARN_EMPTY_BODY = YES;
				CLANG_WARN_ENUM_CONVERSION = YES;
				CLANG_WARN_INT_CONVERSION = YES;
				CLANG_WARN_OBJC_ROOT_CLASS = YES_ERROR;
				CLANG_WARN__DUPLICATE_METHOD_MATCH = YES;
				"CODE_SIGN_IDENTITY[sdk=iphoneos*]" = "iPhone Developer";
				COPY_PHASE_STRIP = YES;
				ENABLE_NS_ASSERTIONS = NO;
				GCC_C_LANGUAGE_STANDARD = gnu99;
				GCC_WARN_64_TO_32_BIT_CONVERSION = YES;
				GCC_WARN_ABOUT_RETURN_TYPE = YES_ERROR;
				GCC_WARN_UNDECLARED_SELECTOR = YES;
				GCC_WARN_UNINITIALIZED_AUTOS = YES;
				GCC_WARN_UNUSED_FUNCTION = YES;
				GCC_WARN_UNUSED_VARIABLE = YES;
				IPHONEOS_DEPLOYMENT_TARGET = 7.0;
				SDKROOT = iphoneos;
				TARGETED_DEVICE_FAMILY = 2;
				VALIDATE_PRODUCT = YES;
			};
			name = Release;
		};
		1C5193ED17F18D1900A4DC85 /* Debug */ = {
			isa = XCBuildConfiguration;
			buildSettings = {
				ASSETCATALOG_COMPILER_APPICON_NAME = AppIcon;
				ASSETCATALOG_COMPILER_LAUNCHIMAGE_NAME = LaunchImage;
				GCC_PRECOMPILE_PREFIX_HEADER = YES;
				GCC_PREFIX_HEADER = "UICollectionViewBug/UICollectionViewBug-Prefix.pch";
				INFOPLIST_FILE = "UICollectionViewBug/UICollectionViewBug-Info.plist";
				PRODUCT_NAME = "$(TARGET_NAME)";
				WRAPPER_EXTENSION = app;
			};
			name = Debug;
		};
		1C5193EE17F18D1900A4DC85 /* Release */ = {
			isa = XCBuildConfiguration;
			buildSettings = {
				ASSETCATALOG_COMPILER_APPICON_NAME = AppIcon;
				ASSETCATALOG_COMPILER_LAUNCHIMAGE_NAME = LaunchImage;
				GCC_PRECOMPILE_PREFIX_HEADER = YES;
				GCC_PREFIX_HEADER = "UICollectionViewBug/UICollectionViewBug-Prefix.pch";
				INFOPLIST_FILE = "UICollectionViewBug/UICollectionViewBug-Info.plist";
				PRODUCT_NAME = "$(TARGET_NAME)";
				WRAPPER_EXTENSION = app;
			};
			name = Release;
		};
		1C5193F017F18D1900A4DC85 /* Debug */ = {
			isa = XCBuildConfiguration;
			buildSettings = {
				ARCHS = "$(ARCHS_STANDARD_INCLUDING_64_BIT)";
				BUNDLE_LOADER = "$(BUILT_PRODUCTS_DIR)/UICollectionViewBug.app/UICollectionViewBug";
				FRAMEWORK_SEARCH_PATHS = (
					"$(SDKROOT)/Developer/Library/Frameworks",
					"$(inherited)",
					"$(DEVELOPER_FRAMEWORKS_DIR)",
				);
				GCC_PRECOMPILE_PREFIX_HEADER = YES;
				GCC_PREFIX_HEADER = "UICollectionViewBug/UICollectionViewBug-Prefix.pch";
				GCC_PREPROCESSOR_DEFINITIONS = (
					"DEBUG=1",
					"$(inherited)",
				);
				INFOPLIST_FILE = "UICollectionViewBugTests/UICollectionViewBugTests-Info.plist";
				PRODUCT_NAME = "$(TARGET_NAME)";
				TEST_HOST = "$(BUNDLE_LOADER)";
				WRAPPER_EXTENSION = xctest;
			};
			name = Debug;
		};
		1C5193F117F18D1900A4DC85 /* Release */ = {
			isa = XCBuildConfiguration;
			buildSettings = {
				ARCHS = "$(ARCHS_STANDARD_INCLUDING_64_BIT)";
				BUNDLE_LOADER = "$(BUILT_PRODUCTS_DIR)/UICollectionViewBug.app/UICollectionViewBug";
				FRAMEWORK_SEARCH_PATHS = (
					"$(SDKROOT)/Developer/Library/Frameworks",
					"$(inherited)",
					"$(DEVELOPER_FRAMEWORKS_DIR)",
				);
				GCC_PRECOMPILE_PREFIX_HEADER = YES;
				GCC_PREFIX_HEADER = "UICollectionViewBug/UICollectionViewBug-Prefix.pch";
				INFOPLIST_FILE = "UICollectionViewBugTests/UICollectionViewBugTests-Info.plist";
				PRODUCT_NAME = "$(TARGET_NAME)";
				TEST_HOST = "$(BUNDLE_LOADER)";
				WRAPPER_EXTENSION = xctest;
			};
			name = Release;
		};
/* End XCBuildConfiguration section */

/* Begin XCConfigurationList section */
		1C5193B517F18D1800A4DC85 /* Build configuration list for PBXProject "UICollectionViewBug" */ = {
			isa = XCConfigurationList;
			buildConfigurations = (
				1C5193EA17F18D1900A4DC85 /* Debug */,
				1C5193EB17F18D1900A4DC85 /* Release */,
			);
			defaultConfigurationIsVisible = 0;
			defaultConfigurationName = Release;
		};
		1C5193EC17F18D1900A4DC85 /* Build configuration list for PBXNativeTarget "UICollectionViewBug" */ = {
			isa = XCConfigurationList;
			buildConfigurations = (
				1C5193ED17F18D1900A4DC85 /* Debug */,
				1C5193EE17F18D1900A4DC85 /* Release */,
			);
			defaultConfigurationIsVisible = 0;
			defaultConfigurationName = Release;
		};
		1C5193EF17F18D1900A4DC85 /* Build configuration list for PBXNativeTarget "UICollectionViewBugTests" */ = {
			isa = XCConfigurationList;
			buildConfigurations = (
				1C5193F017F18D1900A4DC85 /* Debug */,
				1C5193F117F18D1900A4DC85 /* Release */,
			);
			defaultConfigurationIsVisible = 0;
			defaultConfigurationName = Release;
		};
/* End XCConfigurationList section */
	};
	rootObject = 1C5193B217F18D1800A4DC85 /* Project object */;
}
